
Microsoft Visual Studio Solution File, Format Version 12.00
# Visual Studio Version 16
VisualStudioVersion = 16.0.31019.35
MinimumVisualStudioVersion = 10.0.40219.1
Project("{FAE04EC0-301F-11D3-BF4B-00C04F79EFBC}") = "Gemba", "Gemba\Gemba.csproj", "{553A7D9B-67A5-4EAF-A2BF-92F41F93DE20}"
EndProject
Global
	GlobalSection(SolutionConfigurationPlatforms) = preSolution
		Debug|Any CPU = Debug|Any CPU
		Release|Any CPU = Release|Any CPU
	EndGlobalSection
	GlobalSection(ProjectConfigurationPlatforms) = postSolution
		{553A7D9B-67A5-4EAF-A2BF-92F41F93DE20}.Debug|Any CPU.ActiveCfg = Debug|Any CPU
		{553A7D9B-67A5-4EAF-A2BF-92F41F93DE20}.Debug|Any CPU.Build.0 = Debug|Any CPU
		{553A7D9B-67A5-4EAF-A2BF-92F41F93DE20}.Release|Any CPU.ActiveCfg = Release|Any CPU
		{553A7D9B-67A5-4EAF-A2BF-92F41F93DE20}.Release|Any CPU.Build.0 = Release|Any CPU
	EndGlobalSection
	GlobalSection(SolutionProperties) = preSolution
		HideSolutionNode = FALSE
	EndGlobalSection
	GlobalSection(ExtensibilityGlobals) = postSolution
		SolutionGuid = {38666C99-DAEB-40BE-819A-E5AA5C1462CA}
	EndGlobalSection
EndGlobal
